
Microsoft Visual Studio Solution File, Format Version 12.00
# Visual Studio Version 17
VisualStudioVersion = 17.1.32210.238
MinimumVisualStudioVersion = 10.0.40219.1
Project("{8BC9CEB8-8B4A-11D0-8D11-00A0C91BC942}") = "todoProject", "todoProject\todoProject.vcxproj", "{DD410873-62CB-4A5D-BA9A-5C4AB0DA4473}"
EndProject
Global
	GlobalSection(SolutionConfigurationPlatforms) = preSolution
		Debug|x64 = Debug|x64
		Release|x64 = Release|x64
	EndGlobalSection
	GlobalSection(ProjectConfigurationPlatforms) = postSolution
		{DD410873-62CB-4A5D-BA9A-5C4AB0DA4473}.Debug|x64.ActiveCfg = Debug|x64
		{DD410873-62CB-4A5D-BA9A-5C4AB0DA4473}.Debug|x64.Build.0 = Debug|x64
		{DD410873-62CB-4A5D-BA9A-5C4AB0DA4473}.Release|x64.ActiveCfg = Release|x64
		{DD410873-62CB-4A5D-BA9A-5C4AB0DA4473}.Release|x64.Build.0 = Release|x64
	EndGlobalSection
	GlobalSection(SolutionProperties) = preSolution
		HideSolutionNode = FALSE
	EndGlobalSection
	GlobalSection(ExtensibilityGlobals) = postSolution
		SolutionGuid = {C226F77E-6B9B-456F-8D73-B694421C883F}
	EndGlobalSection
EndGlobal
